
Microsoft Visual Studio Solution File, Format Version 12.00
# Visual Studio 14
VisualStudioVersion = 14.0.25420.1
MinimumVisualStudioVersion = 10.0.40219.1
Project("{2150E333-8FDC-42A3-9474-1A3956D46DE8}") = "src", "src", "{016AC665-9D43-4A85-ADB8-2AD3762CC51B}"
EndProject
Project("{2150E333-8FDC-42A3-9474-1A3956D46DE8}") = "Solution Items", "Solution Items", "{EC23CE57-9A6E-41AC-900B-BF31258FA75A}"
	ProjectSection(SolutionItems) = preProject
		global.json = global.json
	EndProjectSection
EndProject
Project("{8BB2217D-0F2D-49D1-97BC-3654ED321F3B}") = "ConsoleApp.Demo", "src\ConsoleApp.Demo\ConsoleApp.Demo.xproj", "{23FF32C8-A33F-4BE0-9F99-9E5D533570BF}"
EndProject
Global
	GlobalSection(SolutionConfigurationPlatforms) = preSolution
		Debug|Any CPU = Debug|Any CPU
		Release|Any CPU = Release|Any CPU
	EndGlobalSection
	GlobalSection(ProjectConfigurationPlatforms) = postSolution
		{23FF32C8-A33F-4BE0-9F99-9E5D533570BF}.Debug|Any CPU.ActiveCfg = Debug|Any CPU
		{23FF32C8-A33F-4BE0-9F99-9E5D533570BF}.Debug|Any CPU.Build.0 = Debug|Any CPU
		{23FF32C8-A33F-4BE0-9F99-9E5D533570BF}.Release|Any CPU.ActiveCfg = Release|Any CPU
		{23FF32C8-A33F-4BE0-9F99-9E5D533570BF}.Release|Any CPU.Build.0 = Release|Any CPU
	EndGlobalSection
	GlobalSection(SolutionProperties) = preSolution
		HideSolutionNode = FALSE
	EndGlobalSection
	GlobalSection(NestedProjects) = preSolution
		{23FF32C8-A33F-4BE0-9F99-9E5D533570BF} = {016AC665-9D43-4A85-ADB8-2AD3762CC51B}
	EndGlobalSection
EndGlobal
